Microsoft Visual Studio Solution File, Format Version 12.00
# Visual Studio Version 17
VisualStudioVersion = 17.12.35707.178
MinimumVisualStudioVersion = 10.0.40219.1
Project("{FAE04EC0-301F-11D3-BF4B-00C04F79EFBC}") = "DMSAudit.AppHost", "DMSAudit.AppHost\DMSAudit.AppHost.csproj", "{4156E354-EBE2-4E31-B72A-31E4E4E2ABE1}"
EndProject
Project("{FAE04EC0-301F-11D3-BF4B-00C04F79EFBC}") = "DMSAudit.ServiceDefaults", "DMSAudit.ServiceDefaults\DMSAudit.ServiceDefaults.csproj", "{A7518A96-F3A5-4E7A-BB84-4DD540E21BF9}"
EndProject
Project("{FAE04EC0-301F-11D3-BF4B-00C04F79EFBC}") = "DMSAudit.ApiService", "DMSAudit.ApiService\DMSAudit.ApiService.csproj", "{4F72B8F6-E0D2-4C16-BDBE-720E03141AB5}"
EndProject
Project("{FAE04EC0-301F-11D3-BF4B-00C04F79EFBC}") = "DMSAudit.Tests", "DMSAudit.Tests\DMSAudit.Tests.csproj", "{09BA8E87-3AD8-40FD-BC1A-C3C16C3319EE}"
EndProject
Project("{FAE04EC0-301F-11D3-BF4B-00C04F79EFBC}") = "DMSAudit.Web", "DMSAudit.Web\DMSAudit.Web.csproj", "{49B86842-4FCE-4919-A7CA-9EF039D2651A}"
EndProject
Global
	GlobalSection(SolutionConfigurationPlatforms) = preSolution
		Debug|Any CPU = Debug|Any CPU
		Release|Any CPU = Release|Any CPU
	EndGlobalSection
	GlobalSection(ProjectConfigurationPlatforms) = postSolution
		{4156E354-EBE2-4E31-B72A-31E4E4E2ABE1}.Debug|Any CPU.ActiveCfg = Debug|Any CPU
		{4156E354-EBE2-4E31-B72A-31E4E4E2ABE1}.Debug|Any CPU.Build.0 = Debug|Any CPU
		{4156E354-EBE2-4E31-B72A-31E4E4E2ABE1}.Release|Any CPU.ActiveCfg = Release|Any CPU
		{4156E354-EBE2-4E31-B72A-31E4E4E2ABE1}.Release|Any CPU.Build.0 = Release|Any CPU
		{A7518A96-F3A5-4E7A-BB84-4DD540E21BF9}.Debug|Any CPU.ActiveCfg = Debug|Any CPU
		{A7518A96-F3A5-4E7A-BB84-4DD540E21BF9}.Debug|Any CPU.Build.0 = Debug|Any CPU
		{A7518A96-F3A5-4E7A-BB84-4DD540E21BF9}.Release|Any CPU.ActiveCfg = Release|Any CPU
		{A7518A96-F3A5-4E7A-BB84-4DD540E21BF9}.Release|Any CPU.Build.0 = Release|Any CPU
		{4F72B8F6-E0D2-4C16-BDBE-720E03141AB5}.Debug|Any CPU.ActiveCfg = Debug|Any CPU
		{4F72B8F6-E0D2-4C16-BDBE-720E03141AB5}.Debug|Any CPU.Build.0 = Debug|Any CPU
		{4F72B8F6-E0D2-4C16-BDBE-720E03141AB5}.Release|Any CPU.ActiveCfg = Release|Any CPU
		{4F72B8F6-E0D2-4C16-BDBE-720E03141AB5}.Release|Any CPU.Build.0 = Release|Any CPU
		{09BA8E87-3AD8-40FD-BC1A-C3C16C3319EE}.Debug|Any CPU.ActiveCfg = Debug|Any CPU
		{09BA8E87-3AD8-40FD-BC1A-C3C16C3319EE}.Debug|Any CPU.Build.0 = Debug|Any CPU
		{09BA8E87-3AD8-40FD-BC1A-C3C16C3319EE}.Release|Any CPU.ActiveCfg = Release|Any CPU
		{09BA8E87-3AD8-40FD-BC1A-C3C16C3319EE}.Release|Any CPU.Build.0 = Release|Any CPU
		{49B86842-4FCE-4919-A7CA-9EF039D2651A}.Debug|Any CPU.ActiveCfg = Debug|Any CPU
		{49B86842-4FCE-4919-A7CA-9EF039D2651A}.Debug|Any CPU.Build.0 = Debug|Any CPU
		{49B86842-4FCE-4919-A7CA-9EF039D2651A}.Release|Any CPU.ActiveCfg = Release|Any CPU
		{49B86842-4FCE-4919-A7CA-9EF039D2651A}.Release|Any CPU.Build.0 = Release|Any CPU
	EndGlobalSection
	GlobalSection(SolutionProperties) = preSolution
		HideSolutionNode = FALSE
	EndGlobalSection
EndGlobal
